
Microsoft Visual Studio Solution File, Format Version 12.00
# Visual Studio Version 16
VisualStudioVersion = 16.0.30413.136
MinimumVisualStudioVersion = 10.0.40219.1
Project("{FAE04EC0-301F-11D3-BF4B-00C04F79EFBC}") = "gaming2", "gaming2\gaming2.csproj", "{EEB30A81-1F45-46CE-8E54-CB4168B6B6B2}"
EndProject
Global
	GlobalSection(SolutionConfigurationPlatforms) = preSolution
		Debug|Any CPU = Debug|Any CPU
		Release|Any CPU = Release|Any CPU
	EndGlobalSection
	GlobalSection(ProjectConfigurationPlatforms) = postSolution
		{EEB30A81-1F45-46CE-8E54-CB4168B6B6B2}.Debug|Any CPU.ActiveCfg = Debug|Any CPU
		{EEB30A81-1F45-46CE-8E54-CB4168B6B6B2}.Debug|Any CPU.Build.0 = Debug|Any CPU
		{EEB30A81-1F45-46CE-8E54-CB4168B6B6B2}.Release|Any CPU.ActiveCfg = Release|Any CPU
		{EEB30A81-1F45-46CE-8E54-CB4168B6B6B2}.Release|Any CPU.Build.0 = Release|Any CPU
	EndGlobalSection
	GlobalSection(SolutionProperties) = preSolution
		HideSolutionNode = FALSE
	EndGlobalSection
	GlobalSection(ExtensibilityGlobals) = postSolution
		SolutionGuid = {A16CC6D7-6F2D-4406-B5A2-9DB3C7D6E040}
	EndGlobalSection
EndGlobal
